// !$*UTF8*$!
{
	archiveVersion = 1;
	classes = {
	};
	objectVersion = 46;
	objects = {

/* Begin PBXBuildFile section */
		0EF4C12F59F38BE1F96DFAA1 /* Pods_Interactive_map.framework in Frameworks */ = {isa = PBXBuildFile; fileRef = 47E9ADA67CF6FA33882E5B4B /* Pods_Interactive_map.framework */; };
		8C28BE502004471B003D97C1 /* GoogleService-Info.plist in Resources */ = {isa = PBXBuildFile; fileRef = 8C28BE4F2004471B003D97C1 /* GoogleService-Info.plist */; };
		8C28BE56200448CE003D97C1 /* LoginViewController.swift in Sources */ = {isa = PBXBuildFile; fileRef = 8C28BE55200448CE003D97C1 /* LoginViewController.swift */; };
		8C28BE582004491C003D97C1 /* TutorialViewController.swift in Sources */ = {isa = PBXBuildFile; fileRef = 8C28BE572004491C003D97C1 /* TutorialViewController.swift */; };
		8C94CFC22006391C00C3F45F /* Link.swift in Sources */ = {isa = PBXBuildFile; fileRef = 8C94CFC12006391C00C3F45F /* Link.swift */; };
		8C94CFC4200649A400C3F45F /* Assets.xcassets in Resources */ = {isa = PBXBuildFile; fileRef = 8C94CFC3200649A400C3F45F /* Assets.xcassets */; };
		8C94CFC62006D73700C3F45F /* ReportIssueViewController.swift in Sources */ = {isa = PBXBuildFile; fileRef = 8C94CFC52006D73700C3F45F /* ReportIssueViewController.swift */; };
		8C94CFC82006FE3F00C3F45F /* SettingsViewController.swift in Sources */ = {isa = PBXBuildFile; fileRef = 8C94CFC72006FE3F00C3F45F /* SettingsViewController.swift */; };
		8C94CFCC2007046D00C3F45F /* CreatorsViewController.swift in Sources */ = {isa = PBXBuildFile; fileRef = 8C94CFCB2007046D00C3F45F /* CreatorsViewController.swift */; };
		8C94CFCE20070FFF00C3F45F /* FeedbackViewController.swift in Sources */ = {isa = PBXBuildFile; fileRef = 8C94CFCD20070FFF00C3F45F /* FeedbackViewController.swift */; };
		8C9BC6E9203258190054141A /* Main.storyboard in Resources */ = {isa = PBXBuildFile; fileRef = 8C9BC6E8203258180054141A /* Main.storyboard */; };
		8C9D3E7D1FD9A14700821BEB /* AppDelegate.swift in Sources */ = {isa = PBXBuildFile; fileRef = 8C9D3E7C1FD9A14700821BEB /* AppDelegate.swift */; };
		8C9D3E7F1FD9A14700821BEB /* HomeViewController.swift in Sources */ = {isa = PBXBuildFile; fileRef = 8C9D3E7E1FD9A14700821BEB /* HomeViewController.swift */; };
		8C9D3E871FD9A14800821BEB /* LaunchScreen.storyboard in Resources */ = {isa = PBXBuildFile; fileRef = 8C9D3E851FD9A14800821BEB /* LaunchScreen.storyboard */; };
		8C9D3E921FD9A14800821BEB /* Interactive_mapTests.swift in Sources */ = {isa = PBXBuildFile; fileRef = 8C9D3E911FD9A14800821BEB /* Interactive_mapTests.swift */; };
		8C9D3E9D1FD9A14800821BEB /* Interactive_mapUITests.swift in Sources */ = {isa = PBXBuildFile; fileRef = 8C9D3E9C1FD9A14800821BEB /* Interactive_mapUITests.swift */; };
		8C9D3EAC1FD9A6E200821BEB /* MapKit.framework in Frameworks */ = {isa = PBXBuildFile; fileRef = 8C9D3EAB1FD9A6E200821BEB /* MapKit.framework */; };
		8C9D3EB01FD9D6D700821BEB /* CoreLocation.framework in Frameworks */ = {isa = PBXBuildFile; fileRef = 8C9D3EAF1FD9D6D700821BEB /* CoreLocation.framework */; };
		921EFC4018E95361E3BF738C /* Pods_Interactive_mapTests.framework in Frameworks */ = {isa = PBXBuildFile; fileRef = 05FB8880D4F9FBA711D19FFF /* Pods_Interactive_mapTests.framework */; };
		BFA6161BEBB136CCE99FDAF2 /* Pods_Interactive_mapUITests.framework in Frameworks */ = {isa = PBXBuildFile; fileRef = E9350F6DCE482D73CFDBBCBF /* Pods_Interactive_mapUITests.framework */; };
/* End PBXBuildFile section */

/* Begin PBXContainerItemProxy section */
		8C9D3E8E1FD9A14800821BEB /* PBXContainerItemProxy */ = {
			isa = PBXContainerItemProxy;
			containerPortal = 8C9D3E711FD9A14700821BEB /* Project object */;
			proxyType = 1;
			remoteGlobalIDString = 8C9D3E781FD9A14700821BEB;
			remoteInfo = "Interactive map";
		};
		8C9D3E991FD9A14800821BEB /* PBXContainerItemProxy */ = {
			isa = PBXContainerItemProxy;
			containerPortal = 8C9D3E711FD9A14700821BEB /* Project object */;
			proxyType = 1;
			remoteGlobalIDString = 8C9D3E781FD9A14700821BEB;
			remoteInfo = "Interactive map";
		};
/* End PBXContainerItemProxy section */

/* Begin PBXFileReference section */
		05FB8880D4F9FBA711D19FFF /* Pods_Interactive_mapTests.framework */ = {isa = PBXFileReference; explicitFileType = wrapper.framework; includeInIndex = 0; path = Pods_Interactive_mapTests.framework; sourceTree = BUILT_PRODUCTS_DIR; };
		08E19771945ACD196E6B7B12 /* Pods-Interactive mapUITests.debug.xcconfig */ = {isa = PBXFileReference; includeInIndex = 1; lastKnownFileType = text.xcconfig; name = "Pods-Interactive mapUITests.debug.xcconfig"; path = "Pods/Target Support Files/Pods-Interactive mapUITests/Pods-Interactive mapUITests.debug.xcconfig"; sourceTree = "<group>"; };
		3639F0E17F777FE3F31D7B6D /* Pods-Interactive mapTests.release.xcconfig */ = {isa = PBXFileReference; includeInIndex = 1; lastKnownFileType = text.xcconfig; name = "Pods-Interactive mapTests.release.xcconfig"; path = "Pods/Target Support Files/Pods-Interactive mapTests/Pods-Interactive mapTests.release.xcconfig"; sourceTree = "<group>"; };
		3B06584DC3E394E963D1BE59 /* Pods-Interactive mapUITests.release.xcconfig */ = {isa = PBXFileReference; includeInIndex = 1; lastKnownFileType = text.xcconfig; name = "Pods-Interactive mapUITests.release.xcconfig"; path = "Pods/Target Support Files/Pods-Interactive mapUITests/Pods-Interactive mapUITests.release.xcconfig"; sourceTree = "<group>"; };
		40D1CEFF780A133CCF38DEC5 /* Pods-Interactive mapTests.debug.xcconfig */ = {isa = PBXFileReference; includeInIndex = 1; lastKnownFileType = text.xcconfig; name = "Pods-Interactive mapTests.debug.xcconfig"; path = "Pods/Target Support Files/Pods-Interactive mapTests/Pods-Interactive mapTests.debug.xcconfig"; sourceTree = "<group>"; };
		47E9ADA67CF6FA33882E5B4B /* Pods_Interactive_map.framework */ = {isa = PBXFileReference; explicitFileType = wrapper.framework; includeInIndex = 0; path = Pods_Interactive_map.framework; sourceTree = BUILT_PRODUCTS_DIR; };
		8C28BE4F2004471B003D97C1 /* GoogleService-Info.plist */ = {isa = PBXFileReference; fileEncoding = 4; lastKnownFileType = text.plist.xml; path = "GoogleService-Info.plist"; sourceTree = "<group>"; };
		8C28BE5120044770003D97C1 /* Interactive map-Bridging-Header.h */ = {isa = PBXFileReference; lastKnownFileType = sourcecode.c.h; path = "Interactive map-Bridging-Header.h"; sourceTree = "<group>"; };
		8C28BE55200448CE003D97C1 /* LoginViewController.swift */ = {isa = PBXFileReference; fileEncoding = 4; lastKnownFileType = sourcecode.swift; path = LoginViewController.swift; sourceTree = "<group>"; };
		8C28BE572004491C003D97C1 /* TutorialViewController.swift */ = {isa = PBXFileReference; fileEncoding = 4; lastKnownFileType = sourcecode.swift; path = TutorialViewController.swift; sourceTree = "<group>"; };
		8C94CFC12006391C00C3F45F /* Link.swift */ = {isa = PBXFileReference; fileEncoding = 4; lastKnownFileType = sourcecode.swift; path = Link.swift; sourceTree = "<group>"; };
		8C94CFC3200649A400C3F45F /* Assets.xcassets */ = {isa = PBXFileReference; lastKnownFileType = folder.assetcatalog; path = Assets.xcassets; sourceTree = "<group>"; };
		8C94CFC52006D73700C3F45F /* ReportIssueViewController.swift */ = {isa = PBXFileReference; lastKnownFileType = sourcecode.swift; path = ReportIssueViewController.swift; sourceTree = "<group>"; };
		8C94CFC72006FE3F00C3F45F /* SettingsViewController.swift */ = {isa = PBXFileReference; lastKnownFileType = sourcecode.swift; path = SettingsViewController.swift; sourceTree = "<group>"; };
		8C94CFCB2007046D00C3F45F /* CreatorsViewController.swift */ = {isa = PBXFileReference; lastKnownFileType = sourcecode.swift; path = CreatorsViewController.swift; sourceTree = "<group>"; };
		8C94CFCD20070FFF00C3F45F /* FeedbackViewController.swift */ = {isa = PBXFileReference; lastKnownFileType = sourcecode.swift; path = FeedbackViewController.swift; sourceTree = "<group>"; };
		8C9BC6E8203258180054141A /* Main.storyboard */ = {isa = PBXFileReference; fileEncoding = 4; lastKnownFileType = file.storyboard; path = Main.storyboard; sourceTree = "<group>"; };
		8C9D3E791FD9A14700821BEB /* Bike Sharing.app */ = {isa = PBXFileReference; explicitFileType = wrapper.application; includeInIndex = 0; path = "Bike Sharing.app"; sourceTree = BUILT_PRODUCTS_DIR; };
		8C9D3E7C1FD9A14700821BEB /* AppDelegate.swift */ = {isa = PBXFileReference; lastKnownFileType = sourcecode.swift; path = AppDelegate.swift; sourceTree = "<group>"; };
		8C9D3E7E1FD9A14700821BEB /* HomeViewController.swift */ = {isa = PBXFileReference; lastKnownFileType = sourcecode.swift; path = HomeViewController.swift; sourceTree = "<group>"; };
		8C9D3E861FD9A14800821BEB /* Base */ = {isa = PBXFileReference; lastKnownFileType = file.storyboard; name = Base; path = Base.lproj/LaunchScreen.storyboard; sourceTree = "<group>"; };
		8C9D3E881FD9A14800821BEB /* Info.plist */ = {isa = PBXFileReference; lastKnownFileType = text.plist.xml; path = Info.plist; sourceTree = "<group>"; };
		8C9D3E8D1FD9A14800821BEB /* Interactive mapTests.xctest */ = {isa = PBXFileReference; explicitFileType = wrapper.cfbundle; includeInIndex = 0; path = "Interactive mapTests.xctest"; sourceTree = BUILT_PRODUCTS_DIR; };
		8C9D3E911FD9A14800821BEB /* Interactive_mapTests.swift */ = {isa = PBXFileReference; lastKnownFileType = sourcecode.swift; path = Interactive_mapTests.swift; sourceTree = "<group>"; };
		8C9D3E931FD9A14800821BEB /* Info.plist */ = {isa = PBXFileReference; lastKnownFileType = text.plist.xml; path = Info.plist; sourceTree = "<group>"; };
		8C9D3E981FD9A14800821BEB /* Interactive mapUITests.xctest */ = {isa = PBXFileReference; explicitFileType = wrapper.cfbundle; includeInIndex = 0; path = "Interactive mapUITests.xctest"; sourceTree = BUILT_PRODUCTS_DIR; };
		8C9D3E9C1FD9A14800821BEB /* Interactive_mapUITests.swift */ = {isa = PBXFileReference; lastKnownFileType = sourcecode.swift; path = Interactive_mapUITests.swift; sourceTree = "<group>"; };
		8C9D3E9E1FD9A14800821BEB /* Info.plist */ = {isa = PBXFileReference; lastKnownFileType = text.plist.xml; path = Info.plist; sourceTree = "<group>"; };
		8C9D3EAB1FD9A6E200821BEB /* MapKit.framework */ = {isa = PBXFileReference; lastKnownFileType = wrapper.framework; name = MapKit.framework; path = System/Library/Frameworks/MapKit.framework; sourceTree = SDKROOT; };
		8C9D3EAF1FD9D6D700821BEB /* CoreLocation.framework */ = {isa = PBXFileReference; lastKnownFileType = wrapper.framework; name = CoreLocation.framework; path = System/Library/Frameworks/CoreLocation.framework; sourceTree = SDKROOT; };
		A8D2DBAF74014262FFB435DD /* Pods-Interactive map.debug.xcconfig */ = {isa = PBXFileReference; includeInIndex = 1; lastKnownFileType = text.xcconfig; name = "Pods-Interactive map.debug.xcconfig"; path = "Pods/Target Support Files/Pods-Interactive map/Pods-Interactive map.debug.xcconfig"; sourceTree = "<group>"; };
		CB110131F55342808A070E17 /* Pods-Interactive map.release.xcconfig */ = {isa = PBXFileReference; includeInIndex = 1; lastKnownFileType = text.xcconfig; name = "Pods-Interactive map.release.xcconfig"; path = "Pods/Target Support Files/Pods-Interactive map/Pods-Interactive map.release.xcconfig"; sourceTree = "<group>"; };
		E9350F6DCE482D73CFDBBCBF /* Pods_Interactive_mapUITests.framework */ = {isa = PBXFileReference; explicitFileType = wrapper.framework; includeInIndex = 0; path = Pods_Interactive_mapUITests.framework; sourceTree = BUILT_PRODUCTS_DIR; };
/* End PBXFileReference section */

/* Begin PBXFrameworksBuildPhase section */
		8C9D3E761FD9A14700821BEB /* Frameworks */ = {
			isa = PBXFrameworksBuildPhase;
			buildActionMask = 2147483647;
			files = (
				8C9D3EB01FD9D6D700821BEB /* CoreLocation.framework in Frameworks */,
				8C9D3EAC1FD9A6E200821BEB /* MapKit.framework in Frameworks */,
				0EF4C12F59F38BE1F96DFAA1 /* Pods_Interactive_map.framework in Frameworks */,
			);
			runOnlyForDeploymentPostprocessing = 0;
		};
		8C9D3E8A1FD9A14800821BEB /* Frameworks */ = {
			isa = PBXFrameworksBuildPhase;
			buildActionMask = 2147483647;
			files = (
				921EFC4018E95361E3BF738C /* Pods_Interactive_mapTests.framework in Frameworks */,
			);
			runOnlyForDeploymentPostprocessing = 0;
		};
		8C9D3E951FD9A14800821BEB /* Frameworks */ = {
			isa = PBXFrameworksBuildPhase;
			buildActionMask = 2147483647;
			files = (
				BFA6161BEBB136CCE99FDAF2 /* Pods_Interactive_mapUITests.framework in Frameworks */,
			);
			runOnlyForDeploymentPostprocessing = 0;
		};
/* End PBXFrameworksBuildPhase section */

/* Begin PBXGroup section */
		3ED23FBF4DE8AADCE40B5532 /* Pods */ = {
			isa = PBXGroup;
			children = (
				A8D2DBAF74014262FFB435DD /* Pods-Interactive map.debug.xcconfig */,
				CB110131F55342808A070E17 /* Pods-Interactive map.release.xcconfig */,
				40D1CEFF780A133CCF38DEC5 /* Pods-Interactive mapTests.debug.xcconfig */,
				3639F0E17F777FE3F31D7B6D /* Pods-Interactive mapTests.release.xcconfig */,
				08E19771945ACD196E6B7B12 /* Pods-Interactive mapUITests.debug.xcconfig */,
				3B06584DC3E394E963D1BE59 /* Pods-Interactive mapUITests.release.xcconfig */,
			);
			name = Pods;
			sourceTree = "<group>";
		};
		8C9D3E701FD9A14700821BEB = {
			isa = PBXGroup;
			children = (
				8C9D3E7B1FD9A14700821BEB /* Interactive map */,
				8C9D3E901FD9A14800821BEB /* Interactive mapTests */,
				8C9D3E9B1FD9A14800821BEB /* Interactive mapUITests */,
				8C9D3E7A1FD9A14700821BEB /* Products */,
				8C9D3EAA1FD9A6E200821BEB /* Frameworks */,
				3ED23FBF4DE8AADCE40B5532 /* Pods */,
			);
			sourceTree = "<group>";
		};
		8C9D3E7A1FD9A14700821BEB /* Products */ = {
			isa = PBXGroup;
			children = (
				8C9D3E791FD9A14700821BEB /* Bike Sharing.app */,
				8C9D3E8D1FD9A14800821BEB /* Interactive mapTests.xctest */,
				8C9D3E981FD9A14800821BEB /* Interactive mapUITests.xctest */,
			);
			name = Products;
			sourceTree = "<group>";
		};
		8C9D3E7B1FD9A14700821BEB /* Interactive map */ = {
			isa = PBXGroup;
			children = (
				8C9D3E7C1FD9A14700821BEB /* AppDelegate.swift */,
				8C28BE55200448CE003D97C1 /* LoginViewController.swift */,
				8C9D3E7E1FD9A14700821BEB /* HomeViewController.swift */,
				8C94CFC52006D73700C3F45F /* ReportIssueViewController.swift */,
				8C94CFC72006FE3F00C3F45F /* SettingsViewController.swift */,
				8C94CFCD20070FFF00C3F45F /* FeedbackViewController.swift */,
				8C94CFCB2007046D00C3F45F /* CreatorsViewController.swift */,
				8C28BE572004491C003D97C1 /* TutorialViewController.swift */,
				8C94CFC12006391C00C3F45F /* Link.swift */,
				8C94CFC3200649A400C3F45F /* Assets.xcassets */,
				8C9BC6E8203258180054141A /* Main.storyboard */,
				8C9D3E851FD9A14800821BEB /* LaunchScreen.storyboard */,
				8C9D3E881FD9A14800821BEB /* Info.plist */,
				8C28BE4F2004471B003D97C1 /* GoogleService-Info.plist */,
				8C28BE5120044770003D97C1 /* Interactive map-Bridging-Header.h */,
			);
			path = "Interactive map";
			sourceTree = "<group>";
		};
		8C9D3E901FD9A14800821BEB /* Interactive mapTests */ = {
			isa = PBXGroup;
			children = (
				8C9D3E911FD9A14800821BEB /* Interactive_mapTests.swift */,
				8C9D3E931FD9A14800821BEB /* Info.plist */,
			);
			path = "Interactive mapTests";
			sourceTree = "<group>";
		};
		8C9D3E9B1FD9A14800821BEB /* Interactive mapUITests */ = {
			isa = PBXGroup;
			children = (
				8C9D3E9C1FD9A14800821BEB /* Interactive_mapUITests.swift */,
				8C9D3E9E1FD9A14800821BEB /* Info.plist */,
			);
			path = "Interactive mapUITests";
			sourceTree = "<group>";
		};
		8C9D3EAA1FD9A6E200821BEB /* Frameworks */ = {
			isa = PBXGroup;
			children = (
				8C9D3EAF1FD9D6D700821BEB /* CoreLocation.framework */,
				8C9D3EAB1FD9A6E200821BEB /* MapKit.framework */,
				47E9ADA67CF6FA33882E5B4B /* Pods_Interactive_map.framework */,
				05FB8880D4F9FBA711D19FFF /* Pods_Interactive_mapTests.framework */,
				E9350F6DCE482D73CFDBBCBF /* Pods_Interactive_mapUITests.framework */,
			);
			name = Frameworks;
			sourceTree = "<group>";
		};
/* End PBXGroup section */

/* Begin PBXNativeTarget section */
		8C9D3E781FD9A14700821BEB /* Interactive map */ = {
			isa = PBXNativeTarget;
			buildConfigurationList = 8C9D3EA11FD9A14800821BEB /* Build configuration list for PBXNativeTarget "Interactive map" */;
			buildPhases = (
				BE83D0DB45E0671B80FAB5BE /* [CP] Check Pods Manifest.lock */,
				8C9D3E751FD9A14700821BEB /* Sources */,
				8C9D3E761FD9A14700821BEB /* Frameworks */,
				8C9D3E771FD9A14700821BEB /* Resources */,
				05D2714490793428EDE3A563 /* [CP] Embed Pods Frameworks */,
				D61C6F3BE68D557C96CB4487 /* [CP] Copy Pods Resources */,
			);
			buildRules = (
			);
			dependencies = (
			);
			name = "Interactive map";
			productName = "Interactive map";
			productReference = 8C9D3E791FD9A14700821BEB /* Bike Sharing.app */;
			productType = "com.apple.product-type.application";
		};
		8C9D3E8C1FD9A14800821BEB /* Interactive mapTests */ = {
			isa = PBXNativeTarget;
			buildConfigurationList = 8C9D3EA41FD9A14800821BEB /* Build configuration list for PBXNativeTarget "Interactive mapTests" */;
			buildPhases = (
				7547989B73709A3BA5B2B2DD /* [CP] Check Pods Manifest.lock */,
				8C9D3E891FD9A14800821BEB /* Sources */,
				8C9D3E8A1FD9A14800821BEB /* Frameworks */,
				8C9D3E8B1FD9A14800821BEB /* Resources */,
				1183F7FF6620B0E31B059DCA /* [CP] Embed Pods Frameworks */,
				9F8FDBB6B738B3D23A319962 /* [CP] Copy Pods Resources */,
			);
			buildRules = (
			);
			dependencies = (
				8C9D3E8F1FD9A14800821BEB /* PBXTargetDependency */,
			);
			name = "Interactive mapTests";
			productName = "Interactive mapTests";
			productReference = 8C9D3E8D1FD9A14800821BEB /* Interactive mapTests.xctest */;
			productType = "com.apple.product-type.bundle.unit-test";
		};
		8C9D3E971FD9A14800821BEB /* Interactive mapUITests */ = {
			isa = PBXNativeTarget;
			buildConfigurationList = 8C9D3EA71FD9A14800821BEB /* Build configuration list for PBXNativeTarget "Interactive mapUITests" */;
			buildPhases = (
				26C8AD0F01647FF875B4E5EC /* [CP] Check Pods Manifest.lock */,
				8C9D3E941FD9A14800821BEB /* Sources */,
				8C9D3E951FD9A14800821BEB /* Frameworks */,
				8C9D3E961FD9A14800821BEB /* Resources */,
				CAEFE3D4FF54B4439D0250CB /* [CP] Embed Pods Frameworks */,
				52569053DA8E3636FCBFD056 /* [CP] Copy Pods Resources */,
			);
			buildRules = (
			);
			dependencies = (
				8C9D3E9A1FD9A14800821BEB /* PBXTargetDependency */,
			);
			name = "Interactive mapUITests";
			productName = "Interactive mapUITests";
			productReference = 8C9D3E981FD9A14800821BEB /* Interactive mapUITests.xctest */;
			productType = "com.apple.product-type.bundle.ui-testing";
		};
/* End PBXNativeTarget section */

/* Begin PBXProject section */
		8C9D3E711FD9A14700821BEB /* Project object */ = {
			isa = PBXProject;
			attributes = {
				LastSwiftUpdateCheck = 0830;
				LastUpgradeCheck = 0920;
				ORGANIZATIONNAME = "Jakub Kulakowski";
				TargetAttributes = {
					8C9D3E781FD9A14700821BEB = {
						CreatedOnToolsVersion = 8.3.3;
						DevelopmentTeam = 7247GG7MN5;
						LastSwiftMigration = 0920;
						ProvisioningStyle = Automatic;
					};
					8C9D3E8C1FD9A14800821BEB = {
						CreatedOnToolsVersion = 8.3.3;
						ProvisioningStyle = Automatic;
						TestTargetID = 8C9D3E781FD9A14700821BEB;
					};
					8C9D3E971FD9A14800821BEB = {
						CreatedOnToolsVersion = 8.3.3;
						ProvisioningStyle = Automatic;
						TestTargetID = 8C9D3E781FD9A14700821BEB;
					};
				};
			};
			buildConfigurationList = 8C9D3E741FD9A14700821BEB /* Build configuration list for PBXProject "Interactive map" */;
			compatibilityVersion = "Xcode 3.2";
			developmentRegion = English;
			hasScannedForEncodings = 0;
			knownRegions = (
				en,
				Base,
			);
			mainGroup = 8C9D3E701FD9A14700821BEB;
			productRefGroup = 8C9D3E7A1FD9A14700821BEB /* Products */;
			projectDirPath = "";
			projectRoot = "";
			targets = (
				8C9D3E781FD9A14700821BEB /* Interactive map */,
				8C9D3E8C1FD9A14800821BEB /* Interactive mapTests */,
				8C9D3E971FD9A14800821BEB /* Interactive mapUITests */,
			);
		};
/* End PBXProject section */

/* Begin PBXResourcesBuildPhase section */
		8C9D3E771FD9A14700821BEB /* Resources */ = {
			isa = PBXResourcesBuildPhase;
			buildActionMask = 2147483647;
			files = (
				8C9D3E871FD9A14800821BEB /* LaunchScreen.storyboard in Resources */,
				8C9BC6E9203258190054141A /* Main.storyboard in Resources */,
				8C28BE502004471B003D97C1 /* GoogleService-Info.plist in Resources */,
				8C94CFC4200649A400C3F45F /* Assets.xcassets in Resources */,
			);
			runOnlyForDeploymentPostprocessing = 0;
		};
		8C9D3E8B1FD9A14800821BEB /* Resources */ = {
			isa = PBXResourcesBuildPhase;
			buildActionMask = 2147483647;
			files = (
			);
			runOnlyForDeploymentPostprocessing = 0;
		};
		8C9D3E961FD9A14800821BEB /* Resources */ = {
			isa = PBXResourcesBuildPhase;
			buildActionMask = 2147483647;
			files = (
			);
			runOnlyForDeploymentPostprocessing = 0;
		};
/* End PBXResourcesBuildPhase section */

/* Begin PBXShellScriptBuildPhase section */
		05D2714490793428EDE3A563 /* [CP] Embed Pods Frameworks */ = {
			isa = PBXShellScriptBuildPhase;
			buildActionMask = 12;
			files = (
			);
			inputPaths = (
				"${SRCROOT}/Pods/Target Support Files/Pods-Interactive map/Pods-Interactive map-frameworks.sh",
				"${BUILT_PRODUCTS_DIR}/GTMOAuth2/GTMOAuth2.framework",
				"${BUILT_PRODUCTS_DIR}/GTMSessionFetcher/GTMSessionFetcher.framework",
				"${BUILT_PRODUCTS_DIR}/GoogleToolboxForMac/GoogleToolboxForMac.framework",
			);
			name = "[CP] Embed Pods Frameworks";
			outputPaths = (
				"${TARGET_BUILD_DIR}/${FRAMEWORKS_FOLDER_PATH}/GTMOAuth2.framework",
				"${TARGET_BUILD_DIR}/${FRAMEWORKS_FOLDER_PATH}/GTMSessionFetcher.framework",
				"${TARGET_BUILD_DIR}/${FRAMEWORKS_FOLDER_PATH}/GoogleToolboxForMac.framework",
			);
			runOnlyForDeploymentPostprocessing = 0;
			shellPath = /bin/sh;
			shellScript = "\"${SRCROOT}/Pods/Target Support Files/Pods-Interactive map/Pods-Interactive map-frameworks.sh\"\n";
			showEnvVarsInLog = 0;
		};
		1183F7FF6620B0E31B059DCA /* [CP] Embed Pods Frameworks */ = {
			isa = PBXShellScriptBuildPhase;
			buildActionMask = 2147483647;
			files = (
			);
			inputPaths = (
			);
			name = "[CP] Embed Pods Frameworks";
			outputPaths = (
			);
			runOnlyForDeploymentPostprocessing = 0;
			shellPath = /bin/sh;
			shellScript = "\"${SRCROOT}/Pods/Target Support Files/Pods-Interactive mapTests/Pods-Interactive mapTests-frameworks.sh\"\n";
			showEnvVarsInLog = 0;
		};
		26C8AD0F01647FF875B4E5EC /* [CP] Check Pods Manifest.lock */ = {
			isa = PBXShellScriptBuildPhase;
			buildActionMask = 2147483647;
			files = (
			);
			inputPaths = (
				"${PODS_PODFILE_DIR_PATH}/Podfile.lock",
				"${PODS_ROOT}/Manifest.lock",
			);
			name = "[CP] Check Pods Manifest.lock";
			outputPaths = (
				"$(DERIVED_FILE_DIR)/Pods-Interactive mapUITests-checkManifestLockResult.txt",
			);
			runOnlyForDeploymentPostprocessing = 0;
			shellPath = /bin/sh;
			shellScript = "diff \"${PODS_PODFILE_DIR_PATH}/Podfile.lock\" \"${PODS_ROOT}/Manifest.lock\" > /dev/null\nif [ $? != 0 ] ; then\n    # print error to STDERR\n    echo \"error: The sandbox is not in sync with the Podfile.lock. Run 'pod install' or update your CocoaPods installation.\" >&2\n    exit 1\nfi\n# This output is used by Xcode 'outputs' to avoid re-running this script phase.\necho \"SUCCESS\" > \"${SCRIPT_OUTPUT_FILE_0}\"\n";
			showEnvVarsInLog = 0;
		};
		52569053DA8E3636FCBFD056 /* [CP] Copy Pods Resources */ = {
			isa = PBXShellScriptBuildPhase;
			buildActionMask = 2147483647;
			files = (
			);
			inputPaths = (
			);
			name = "[CP] Copy Pods Resources";
			outputPaths = (
			);
			runOnlyForDeploymentPostprocessing = 0;
			shellPath = /bin/sh;
			shellScript = "\"${SRCROOT}/Pods/Target Support Files/Pods-Interactive mapUITests/Pods-Interactive mapUITests-resources.sh\"\n";
			showEnvVarsInLog = 0;
		};
		7547989B73709A3BA5B2B2DD /* [CP] Check Pods Manifest.lock */ = {
			isa = PBXShellScriptBuildPhase;
			buildActionMask = 2147483647;
			files = (
			);
			inputPaths = (
				"${PODS_PODFILE_DIR_PATH}/Podfile.lock",
				"${PODS_ROOT}/Manifest.lock",
			);
			name = "[CP] Check Pods Manifest.lock";
			outputPaths = (
				"$(DERIVED_FILE_DIR)/Pods-Interactive mapTests-checkManifestLockResult.txt",
			);
			runOnlyForDeploymentPostprocessing = 0;
			shellPath = /bin/sh;
			shellScript = "diff \"${PODS_PODFILE_DIR_PATH}/Podfile.lock\" \"${PODS_ROOT}/Manifest.lock\" > /dev/null\nif [ $? != 0 ] ; then\n    # print error to STDERR\n    echo \"error: The sandbox is not in sync with the Podfile.lock. Run 'pod install' or update your CocoaPods installation.\" >&2\n    exit 1\nfi\n# This output is used by Xcode 'outputs' to avoid re-running this script phase.\necho \"SUCCESS\" > \"${SCRIPT_OUTPUT_FILE_0}\"\n";
			showEnvVarsInLog = 0;
		};
		9F8FDBB6B738B3D23A319962 /* [CP] Copy Pods Resources */ = {
			isa = PBXShellScriptBuildPhase;
			buildActionMask = 2147483647;
			files = (
			);
			inputPaths = (
			);
			name = "[CP] Copy Pods Resources";
			outputPaths = (
			);
			runOnlyForDeploymentPostprocessing = 0;
			shellPath = /bin/sh;
			shellScript = "\"${SRCROOT}/Pods/Target Support Files/Pods-Interactive mapTests/Pods-Interactive mapTests-resources.sh\"\n";
			showEnvVarsInLog = 0;
		};
		BE83D0DB45E0671B80FAB5BE /* [CP] Check Pods Manifest.lock */ = {
			isa = PBXShellScriptBuildPhase;
			buildActionMask = 12;
			files = (
			);
			inputPaths = (
				"${PODS_PODFILE_DIR_PATH}/Podfile.lock",
				"${PODS_ROOT}/Manifest.lock",
			);
			name = "[CP] Check Pods Manifest.lock";
			outputPaths = (
				"$(DERIVED_FILE_DIR)/Pods-Interactive map-checkManifestLockResult.txt",
			);
			runOnlyForDeploymentPostprocessing = 0;
			shellPath = /bin/sh;
			shellScript = "diff \"${PODS_PODFILE_DIR_PATH}/Podfile.lock\" \"${PODS_ROOT}/Manifest.lock\" > /dev/null\nif [ $? != 0 ] ; then\n    # print error to STDERR\n    echo \"error: The sandbox is not in sync with the Podfile.lock. Run 'pod install' or update your CocoaPods installation.\" >&2\n    exit 1\nfi\n# This output is used by Xcode 'outputs' to avoid re-running this script phase.\necho \"SUCCESS\" > \"${SCRIPT_OUTPUT_FILE_0}\"\n";
			showEnvVarsInLog = 0;
		};
		CAEFE3D4FF54B4439D0250CB /* [CP] Embed Pods Frameworks */ = {
			isa = PBXShellScriptBuildPhase;
			buildActionMask = 2147483647;
			files = (
			);
			inputPaths = (
			);
			name = "[CP] Embed Pods Frameworks";
			outputPaths = (
			);
			runOnlyForDeploymentPostprocessing = 0;
			shellPath = /bin/sh;
			shellScript = "\"${SRCROOT}/Pods/Target Support Files/Pods-Interactive mapUITests/Pods-Interactive mapUITests-frameworks.sh\"\n";
			showEnvVarsInLog = 0;
		};
		D61C6F3BE68D557C96CB4487 /* [CP] Copy Pods Resources */ = {
			isa = PBXShellScriptBuildPhase;
			buildActionMask = 12;
			files = (
			);
			inputPaths = (
				"${SRCROOT}/Pods/Target Support Files/Pods-Interactive map/Pods-Interactive map-resources.sh",
				"${PODS_ROOT}/GoogleSignIn/Resources/GoogleSignIn.bundle",
			);
			name = "[CP] Copy Pods Resources";
			outputPaths = (
				"${TARGET_BUILD_DIR}/${UNLOCALIZED_RESOURCES_FOLDER_PATH}",
			);
			runOnlyForDeploymentPostprocessing = 0;
			shellPath = /bin/sh;
			shellScript = "\"${SRCROOT}/Pods/Target Support Files/Pods-Interactive map/Pods-Interactive map-resources.sh\"\n";
			showEnvVarsInLog = 0;
		};
/* End PBXShellScriptBuildPhase section */

/* Begin PBXSourcesBuildPhase section */
		8C9D3E751FD9A14700821BEB /* Sources */ = {
			isa = PBXSourcesBuildPhase;
			buildActionMask = 2147483647;
			files = (
				8C9D3E7F1FD9A14700821BEB /* HomeViewController.swift in Sources */,
				8C94CFCC2007046D00C3F45F /* CreatorsViewController.swift in Sources */,
				8C28BE582004491C003D97C1 /* TutorialViewController.swift in Sources */,
				8C94CFC82006FE3F00C3F45F /* SettingsViewController.swift in Sources */,
				8C28BE56200448CE003D97C1 /* LoginViewController.swift in Sources */,
				8C9D3E7D1FD9A14700821BEB /* AppDelegate.swift in Sources */,
				8C94CFC62006D73700C3F45F /* ReportIssueViewController.swift in Sources */,
				8C94CFCE20070FFF00C3F45F /* FeedbackViewController.swift in Sources */,
				8C94CFC22006391C00C3F45F /* Link.swift in Sources */,
			);
			runOnlyForDeploymentPostprocessing = 0;
		};
		8C9D3E891FD9A14800821BEB /* Sources */ = {
			isa = PBXSourcesBuildPhase;
			buildActionMask = 2147483647;
			files = (
				8C9D3E921FD9A14800821BEB /* Interactive_mapTests.swift in Sources */,
			);
			runOnlyForDeploymentPostprocessing = 0;
		};
		8C9D3E941FD9A14800821BEB /* Sources */ = {
			isa = PBXSourcesBuildPhase;
			buildActionMask = 2147483647;
			files = (
				8C9D3E9D1FD9A14800821BEB /* Interactive_mapUITests.swift in Sources */,
			);
			runOnlyForDeploymentPostprocessing = 0;
		};
/* End PBXSourcesBuildPhase section */

/* Begin PBXTargetDependency section */
		8C9D3E8F1FD9A14800821BEB /* PBXTargetDependency */ = {
			isa = PBXTargetDependency;
			target = 8C9D3E781FD9A14700821BEB /* Interactive map */;
			targetProxy = 8C9D3E8E1FD9A14800821BEB /* PBXContainerItemProxy */;
		};
		8C9D3E9A1FD9A14800821BEB /* PBXTargetDependency */ = {
			isa = PBXTargetDependency;
			target = 8C9D3E781FD9A14700821BEB /* Interactive map */;
			targetProxy = 8C9D3E991FD9A14800821BEB /* PBXContainerItemProxy */;
		};
/* End PBXTargetDependency section */

/* Begin PBXVariantGroup section */
		8C9D3E851FD9A14800821BEB /* LaunchScreen.storyboard */ = {
			isa = PBXVariantGroup;
			children = (
				8C9D3E861FD9A14800821BEB /* Base */,
			);
			name = LaunchScreen.storyboard;
			sourceTree = "<group>";
		};
/* End PBXVariantGroup section */

/* Begin XCBuildConfiguration section */
		8C9D3E9F1FD9A14800821BEB /* Debug */ = {
			isa = XCBuildConfiguration;
			buildSettings = {
				ALWAYS_SEARCH_USER_PATHS = NO;
				CLANG_ANALYZER_NONNULL = YES;
				CLANG_ANALYZER_NUMBER_OBJECT_CONVERSION = YES_AGGRESSIVE;
				CLANG_CXX_LANGUAGE_STANDARD = "gnu++0x";
				CLANG_CXX_LIBRARY = "libc++";
				CLANG_ENABLE_MODULES = YES;
				CLANG_ENABLE_OBJC_ARC = YES;
				CLANG_WARN_BLOCK_CAPTURE_AUTORELEASING = YES;
				CLANG_WARN_BOOL_CONVERSION = YES;
				CLANG_WARN_COMMA = YES;
				CLANG_WARN_CONSTANT_CONVERSION = YES;
				CLANG_WARN_DIRECT_OBJC_ISA_USAGE = YES_ERROR;
				CLANG_WARN_DOCUMENTATION_COMMENTS = YES;
				CLANG_WARN_EMPTY_BODY = YES;
				CLANG_WARN_ENUM_CONVERSION = YES;
				CLANG_WARN_INFINITE_RECURSION = YES;
				CLANG_WARN_INT_CONVERSION = YES;
				CLANG_WARN_NON_LITERAL_NULL_CONVERSION = YES;
				CLANG_WARN_OBJC_LITERAL_CONVERSION = YES;
				CLANG_WARN_OBJC_ROOT_CLASS = YES_ERROR;
				CLANG_WARN_RANGE_LOOP_ANALYSIS = YES;
				CLANG_WARN_STRICT_PROTOTYPES = YES;
				CLANG_WARN_SUSPICIOUS_MOVE = YES;
				CLANG_WARN_UNREACHABLE_CODE = YES;
				CLANG_WARN__DUPLICATE_METHOD_MATCH = YES;
				"CODE_SIGN_IDENTITY[sdk=iphoneos*]" = "iPhone Developer";
				COPY_PHASE_STRIP = NO;
				DEBUG_INFORMATION_FORMAT = dwarf;
				ENABLE_STRICT_OBJC_MSGSEND = YES;
				ENABLE_TESTABILITY = YES;
				GCC_C_LANGUAGE_STANDARD = gnu99;
				GCC_DYNAMIC_NO_PIC = NO;
				GCC_NO_COMMON_BLOCKS = YES;
				GCC_OPTIMIZATION_LEVEL = 0;
				GCC_PREPROCESSOR_DEFINITIONS = (
					"DEBUG=1",
					"$(inherited)",
				);
				GCC_WARN_64_TO_32_BIT_CONVERSION = YES;
				GCC_WARN_ABOUT_RETURN_TYPE = YES_ERROR;
				GCC_WARN_UNDECLARED_SELECTOR = YES;
				GCC_WARN_UNINITIALIZED_AUTOS = YES_AGGRESSIVE;
				GCC_WARN_UNUSED_FUNCTION = YES;
				GCC_WARN_UNUSED_VARIABLE = YES;
				IPHONEOS_DEPLOYMENT_TARGET = 10.3;
				MTL_ENABLE_DEBUG_INFO = YES;
				ONLY_ACTIVE_ARCH = YES;
				SDKROOT = iphoneos;
				SWIFT_ACTIVE_COMPILATION_CONDITIONS = DEBUG;
				SWIFT_OPTIMIZATION_LEVEL = "-Onone";
				TARGETED_DEVICE_FAMILY = "1,2";
			};
			name = Debug;
		};
		8C9D3EA01FD9A14800821BEB /* Release */ = {
			isa = XCBuildConfiguration;
			buildSettings = {
				ALWAYS_SEARCH_USER_PATHS = NO;
				CLANG_ANALYZER_NONNULL = YES;
				CLANG_ANALYZER_NUMBER_OBJECT_CONVERSION = YES_AGGRESSIVE;
				CLANG_CXX_LANGUAGE_STANDARD = "gnu++0x";
				CLANG_CXX_LIBRARY = "libc++";
				CLANG_ENABLE_MODULES = YES;
				CLANG_ENABLE_OBJC_ARC = YES;
				CLANG_WARN_BLOCK_CAPTURE_AUTORELEASING = YES;
				CLANG_WARN_BOOL_CONVERSION = YES;
				CLANG_WARN_COMMA = YES;
				CLANG_WARN_CONSTANT_CONVERSION = YES;
				CLANG_WARN_DIRECT_OBJC_ISA_USAGE = YES_ERROR;
				CLANG_WARN_DOCUMENTATION_COMMENTS = YES;
				CLANG_WARN_EMPTY_BODY = YES;
				CLANG_WARN_ENUM_CONVERSION = YES;
				CLANG_WARN_INFINITE_RECURSION = YES;
				CLANG_WARN_INT_CONVERSION = YES;
				CLANG_WARN_NON_LITERAL_NULL_CONVERSION = YES;
				CLANG_WARN_OBJC_LITERAL_CONVERSION = YES;
				CLANG_WARN_OBJC_ROOT_CLASS = YES_ERROR;
				CLANG_WARN_RANGE_LOOP_ANALYSIS = YES;
				CLANG_WARN_STRICT_PROTOTYPES = YES;
				CLANG_WARN_SUSPICIOUS_MOVE = YES;
				CLANG_WARN_UNREACHABLE_CODE = YES;
				CLANG_WARN__DUPLICATE_METHOD_MATCH = YES;
				"CODE_SIGN_IDENTITY[sdk=iphoneos*]" = "iPhone Developer";
				COPY_PHASE_STRIP = NO;
				DEBUG_INFORMATION_FORMAT = "dwarf-with-dsym";
				ENABLE_NS_ASSERTIONS = NO;
				ENABLE_STRICT_OBJC_MSGSEND = YES;
				GCC_C_LANGUAGE_STANDARD = gnu99;
				GCC_NO_COMMON_BLOCKS = YES;
				GCC_WARN_64_TO_32_BIT_CONVERSION = YES;
				GCC_WARN_ABOUT_RETURN_TYPE = YES_ERROR;
				GCC_WARN_UNDECLARED_SELECTOR = YES;
				GCC_WARN_UNINITIALIZED_AUTOS = YES_AGGRESSIVE;
				GCC_WARN_UNUSED_FUNCTION = YES;
				GCC_WARN_UNUSED_VARIABLE = YES;
				IPHONEOS_DEPLOYMENT_TARGET = 10.3;
				MTL_ENABLE_DEBUG_INFO = NO;
				SDKROOT = iphoneos;
				SWIFT_OPTIMIZATION_LEVEL = "-Owholemodule";
				TARGETED_DEVICE_FAMILY = "1,2";
				VALIDATE_PRODUCT = YES;
			};
			name = Release;
		};
		8C9D3EA21FD9A14800821BEB /* Debug */ = {
			isa = XCBuildConfiguration;
			baseConfigurationReference = A8D2DBAF74014262FFB435DD /* Pods-Interactive map.debug.xcconfig */;
			buildSettings = {
				ASSETCATALOG_COMPILER_APPICON_NAME = AppIcon;
				CLANG_ENABLE_MODULES = YES;
				DEVELOPMENT_TEAM = 7247GG7MN5;
				INFOPLIST_FILE = "Interactive map/Info.plist";
				IPHONEOS_DEPLOYMENT_TARGET = 11.0;
				LD_RUNPATH_SEARCH_PATHS = "$(inherited) @executable_path/Frameworks";
				PRODUCT_BUNDLE_IDENTIFIER = "JK.Interactive-map";
				PRODUCT_NAME = "Bike Sharing";
				SWIFT_OBJC_BRIDGING_HEADER = "Interactive map/Interactive map-Bridging-Header.h";
				SWIFT_OPTIMIZATION_LEVEL = "-Onone";
				SWIFT_VERSION = 3.0;
				TARGETED_DEVICE_FAMILY = "1,2";
			};
			name = Debug;
		};
		8C9D3EA31FD9A14800821BEB /* Release */ = {
			isa = XCBuildConfiguration;
			baseConfigurationReference = CB110131F55342808A070E17 /* Pods-Interactive map.release.xcconfig */;
			buildSettings = {
				ASSETCATALOG_COMPILER_APPICON_NAME = AppIcon;
				CLANG_ENABLE_MODULES = YES;
				DEVELOPMENT_TEAM = 7247GG7MN5;
				INFOPLIST_FILE = "Interactive map/Info.plist";
				IPHONEOS_DEPLOYMENT_TARGET = 11.0;
				LD_RUNPATH_SEARCH_PATHS = "$(inherited) @executable_path/Frameworks";
				PRODUCT_BUNDLE_IDENTIFIER = "JK.Interactive-map";
				PRODUCT_NAME = "Bike Sharing";
				SWIFT_OBJC_BRIDGING_HEADER = "Interactive map/Interactive map-Bridging-Header.h";
				SWIFT_VERSION = 3.0;
				TARGETED_DEVICE_FAMILY = "1,2";
			};
			name = Release;
		};
		8C9D3EA51FD9A14800821BEB /* Debug */ = {
			isa = XCBuildConfiguration;
			baseConfigurationReference = 40D1CEFF780A133CCF38DEC5 /* Pods-Interactive mapTests.debug.xcconfig */;
			buildSettings = {
				ALWAYS_EMBED_SWIFT_STANDARD_LIBRARIES = YES;
				BUNDLE_LOADER = "$(TEST_HOST)";
				INFOPLIST_FILE = "Interactive mapTests/Info.plist";
				LD_RUNPATH_SEARCH_PATHS = "$(inherited) @executable_path/Frameworks @loader_path/Frameworks";
				PRODUCT_BUNDLE_IDENTIFIER = "JK.Interactive-mapTests";
				PRODUCT_NAME = "$(TARGET_NAME)";
				SWIFT_VERSION = 3.0;
				TEST_HOST = "$(BUILT_PRODUCTS_DIR)/Interactive map.app/Interactive map";
			};
			name = Debug;
		};
		8C9D3EA61FD9A14800821BEB /* Release */ = {
			isa = XCBuildConfiguration;
			baseConfigurationReference = 3639F0E17F777FE3F31D7B6D /* Pods-Interactive mapTests.release.xcconfig */;
			buildSettings = {
				ALWAYS_EMBED_SWIFT_STANDARD_LIBRARIES = YES;
				BUNDLE_LOADER = "$(TEST_HOST)";
				INFOPLIST_FILE = "Interactive mapTests/Info.plist";
				LD_RUNPATH_SEARCH_PATHS = "$(inherited) @executable_path/Frameworks @loader_path/Frameworks";
				PRODUCT_BUNDLE_IDENTIFIER = "JK.Interactive-mapTests";
				PRODUCT_NAME = "$(TARGET_NAME)";
				SWIFT_VERSION = 3.0;
				TEST_HOST = "$(BUILT_PRODUCTS_DIR)/Interactive map.app/Interactive map";
			};
			name = Release;
		};
		8C9D3EA81FD9A14800821BEB /* Debug */ = {
			isa = XCBuildConfiguration;
			baseConfigurationReference = 08E19771945ACD196E6B7B12 /* Pods-Interactive mapUITests.debug.xcconfig */;
			buildSettings = {
				ALWAYS_EMBED_SWIFT_STANDARD_LIBRARIES = YES;
				INFOPLIST_FILE = "Interactive mapUITests/Info.plist";
				LD_RUNPATH_SEARCH_PATHS = "$(inherited) @executable_path/Frameworks @loader_path/Frameworks";
				PRODUCT_BUNDLE_IDENTIFIER = "JK.Interactive-mapUITests";
				PRODUCT_NAME = "$(TARGET_NAME)";
				SWIFT_VERSION = 3.0;
				TEST_TARGET_NAME = "Interactive map";
			};
			name = Debug;
		};
		8C9D3EA91FD9A14800821BEB /* Release */ = {
			isa = XCBuildConfiguration;
			baseConfigurationReference = 3B06584DC3E394E963D1BE59 /* Pods-Interactive mapUITests.release.xcconfig */;
			buildSettings = {
				ALWAYS_EMBED_SWIFT_STANDARD_LIBRARIES = YES;
				INFOPLIST_FILE = "Interactive mapUITests/Info.plist";
				LD_RUNPATH_SEARCH_PATHS = "$(inherited) @executable_path/Frameworks @loader_path/Frameworks";
				PRODUCT_BUNDLE_IDENTIFIER = "JK.Interactive-mapUITests";
				PRODUCT_NAME = "$(TARGET_NAME)";
				SWIFT_VERSION = 3.0;
				TEST_TARGET_NAME = "Interactive map";
			};
			name = Release;
		};
/* End XCBuildConfiguration section */

/* Begin XCConfigurationList section */
		8C9D3E741FD9A14700821BEB /* Build configuration list for PBXProject "Interactive map" */ = {
			isa = XCConfigurationList;
			buildConfigurations = (
				8C9D3E9F1FD9A14800821BEB /* Debug */,
				8C9D3EA01FD9A14800821BEB /* Release */,
			);
			defaultConfigurationIsVisible = 0;
			defaultConfigurationName = Release;
		};
		8C9D3EA11FD9A14800821BEB /* Build configuration list for PBXNativeTarget "Interactive map" */ = {
			isa = XCConfigurationList;
			buildConfigurations = (
				8C9D3EA21FD9A14800821BEB /* Debug */,
				8C9D3EA31FD9A14800821BEB /* Release */,
			);
			defaultConfigurationIsVisible = 0;
			defaultConfigurationName = Release;
		};
		8C9D3EA41FD9A14800821BEB /* Build configuration list for PBXNativeTarget "Interactive mapTests" */ = {
			isa = XCConfigurationList;
			buildConfigurations = (
				8C9D3EA51FD9A14800821BEB /* Debug */,
				8C9D3EA61FD9A14800821BEB /* Release */,
			);
			defaultConfigurationIsVisible = 0;
			defaultConfigurationName = Release;
		};
		8C9D3EA71FD9A14800821BEB /* Build configuration list for PBXNativeTarget "Interactive mapUITests" */ = {
			isa = XCConfigurationList;
			buildConfigurations = (
				8C9D3EA81FD9A14800821BEB /* Debug */,
				8C9D3EA91FD9A14800821BEB /* Release */,
			);
			defaultConfigurationIsVisible = 0;
			defaultConfigurationName = Release;
		};
/* End XCConfigurationList section */
	};
	rootObject = 8C9D3E711FD9A14700821BEB /* Project object */;
}
